
Microsoft Visual Studio Solution File, Format Version 12.00
# Visual Studio Version 16
VisualStudioVersion = 16.0.30804.86
MinimumVisualStudioVersion = 10.0.40219.1
Project("{2150E333-8FDC-42A3-9474-1A3956D46DE8}") = "Microservices", "Microservices", "{91ED2DE3-3537-4482-9266-6A65479568F9}"
EndProject
Project("{2150E333-8FDC-42A3-9474-1A3956D46DE8}") = "Domain", "Domain", "{AFBC758E-3E3E-4551-852F-E5FB39820F31}"
EndProject
Project("{2150E333-8FDC-42A3-9474-1A3956D46DE8}") = "Infra.Buss", "Infra.Buss", "{F2E56181-AD47-4D03-B5A1-26D24B35FE0B}"
EndProject
Project("{2150E333-8FDC-42A3-9474-1A3956D46DE8}") = "Infa.IoC", "Infa.IoC", "{888C17A1-2E6A-4F1B-B57B-0BE09734D69F}"
EndProject
Project("{2150E333-8FDC-42A3-9474-1A3956D46DE8}") = "Presentation", "Presentation", "{5270131F-E14E-48ED-8C13-1F8B89D74DF5}"
EndProject
Project("{FAE04EC0-301F-11D3-BF4B-00C04F79EFBC}") = "MicroRabot.Domain.Core", "MicroRabot.Domain.Core\MicroRabot.Domain.Core.csproj", "{9DF751BD-6E43-43F6-8CD4-8F0FC91EF3B5}"
EndProject
Global
	GlobalSection(SolutionConfigurationPlatforms) = preSolution
		Debug|Any CPU = Debug|Any CPU
		Release|Any CPU = Release|Any CPU
	EndGlobalSection
	GlobalSection(ProjectConfigurationPlatforms) = postSolution
		{9DF751BD-6E43-43F6-8CD4-8F0FC91EF3B5}.Debug|Any CPU.ActiveCfg = Debug|Any CPU
		{9DF751BD-6E43-43F6-8CD4-8F0FC91EF3B5}.Debug|Any CPU.Build.0 = Debug|Any CPU
		{9DF751BD-6E43-43F6-8CD4-8F0FC91EF3B5}.Release|Any CPU.ActiveCfg = Release|Any CPU
		{9DF751BD-6E43-43F6-8CD4-8F0FC91EF3B5}.Release|Any CPU.Build.0 = Release|Any CPU
	EndGlobalSection
	GlobalSection(SolutionProperties) = preSolution
		HideSolutionNode = FALSE
	EndGlobalSection
	GlobalSection(NestedProjects) = preSolution
		{9DF751BD-6E43-43F6-8CD4-8F0FC91EF3B5} = {AFBC758E-3E3E-4551-852F-E5FB39820F31}
	EndGlobalSection
	GlobalSection(ExtensibilityGlobals) = postSolution
		SolutionGuid = {1D2F34BF-E624-4E0B-BA6B-85AADE6FDD4B}
	EndGlobalSection
EndGlobal
