
Microsoft Visual Studio Solution File, Format Version 12.00
# Visual Studio Version 16
VisualStudioVersion = 16.0.30804.86
MinimumVisualStudioVersion = 10.0.40219.1
Project("{2150E333-8FDC-42A3-9474-1A3956D46DE8}") = "Microservices", "Microservices", "{91ED2DE3-3537-4482-9266-6A65479568F9}"
EndProject
Project("{2150E333-8FDC-42A3-9474-1A3956D46DE8}") = "Domain", "Domain", "{AFBC758E-3E3E-4551-852F-E5FB39820F31}"
EndProject
Project("{2150E333-8FDC-42A3-9474-1A3956D46DE8}") = "Infra.Buss", "Infra.Buss", "{F2E56181-AD47-4D03-B5A1-26D24B35FE0B}"
EndProject
Project("{2150E333-8FDC-42A3-9474-1A3956D46DE8}") = "Infa.IoC", "Infa.IoC", "{888C17A1-2E6A-4F1B-B57B-0BE09734D69F}"
EndProject
Project("{2150E333-8FDC-42A3-9474-1A3956D46DE8}") = "Presentation", "Presentation", "{5270131F-E14E-48ED-8C13-1F8B89D74DF5}"
EndProject
Project("{FAE04EC0-301F-11D3-BF4B-00C04F79EFBC}") = "MicroRabbit.Domain.Core", "MicroRabot.Domain.Core\MicroRabbit.Domain.Core.csproj", "{9DF751BD-6E43-43F6-8CD4-8F0FC91EF3B5}"
EndProject
Project("{FAE04EC0-301F-11D3-BF4B-00C04F79EFBC}") = "MicroRabbit.Infra.Buss", "MicroRabbit.Infra.Buss\MicroRabbit.Infra.Buss.csproj", "{A5590FA2-43FC-466A-BF5C-FCDCD8F1ED4B}"
EndProject
Project("{FAE04EC0-301F-11D3-BF4B-00C04F79EFBC}") = "MicroRabbit.Infra.IoC", "MicroRabbit.Infra.IoC\MicroRabbit.Infra.IoC.csproj", "{7F09F504-1D0A-480F-8282-9981D4E31F57}"
EndProject
Project("{2150E333-8FDC-42A3-9474-1A3956D46DE8}") = "Microservices.Admin.API", "Microservices.Admin.API", "{7A5879E2-2940-4F3B-99D1-BFB7822E945F}"
EndProject
Project("{2150E333-8FDC-42A3-9474-1A3956D46DE8}") = "Microservices.Admin.APP", "Microservices.Admin.APP", "{5FBFC224-A91D-48E0-9DD4-7C4BE1A9D1F8}"
EndProject
Project("{2150E333-8FDC-42A3-9474-1A3956D46DE8}") = "Microservices.Admin.data", "Microservices.Admin.data", "{351C8F4D-95B1-4C09-BD15-32D751D883CF}"
EndProject
Project("{2150E333-8FDC-42A3-9474-1A3956D46DE8}") = "Microservices.Admin.Domain", "Microservices.Admin.Domain", "{FA418B32-A02A-4BD7-B986-55A162C1DF39}"
EndProject
Project("{FAE04EC0-301F-11D3-BF4B-00C04F79EFBC}") = "Admin.API", "MicroRabbit.Microservices.AdminAPI\Admin.API.csproj", "{C4B3D4A9-B63E-4F8E-AB3B-C951F758B9F0}"
EndProject
Project("{FAE04EC0-301F-11D3-BF4B-00C04F79EFBC}") = "Admin.Data", "MicroRabbot.Microservices.Admin.Data\Admin.Data.csproj", "{0F580E57-82E8-4D2F-9856-9FEE385B5A5E}"
EndProject
Project("{2150E333-8FDC-42A3-9474-1A3956D46DE8}") = "Microservices.Admin", "Microservices.Admin", "{BA988D96-B895-4E73-8E35-69554F25378B}"
EndProject
Project("{FAE04EC0-301F-11D3-BF4B-00C04F79EFBC}") = "Admin.Domain", "MicroRabbit.Microservices.Admin.Domain\Admin.Domain.csproj", "{0C3FB7E3-57B9-4ADC-A4EA-593E3E9D96BD}"
EndProject
Project("{FAE04EC0-301F-11D3-BF4B-00C04F79EFBC}") = "Admin.Application", "MicroRabbit.Microservices.Admin.Application\Admin.Application.csproj", "{D49280D8-0BAA-457C-80DC-3D22801256EC}"
EndProject
Project("{2150E333-8FDC-42A3-9474-1A3956D46DE8}") = "Microservices.Customer", "Microservices.Customer", "{CF9435FD-E624-4B4E-888B-976DAF5A626B}"
EndProject
Project("{2150E333-8FDC-42A3-9474-1A3956D46DE8}") = "Microservices.Customer.API", "Microservices.Customer.API", "{38CDC912-0750-40C0-AA2D-2AAE7919C2E0}"
EndProject
Project("{2150E333-8FDC-42A3-9474-1A3956D46DE8}") = "Microservices.Customer.Data", "Microservices.Customer.Data", "{C09ACAA6-CDD6-4C40-B71D-2FD142887EA2}"
EndProject
Project("{2150E333-8FDC-42A3-9474-1A3956D46DE8}") = "Microservices.Customer.APP", "Microservices.Customer.APP", "{D596AE5F-6B80-4B99-A66D-EB330183A682}"
EndProject
Project("{2150E333-8FDC-42A3-9474-1A3956D46DE8}") = "Microservices.Customer.Domain", "Microservices.Customer.Domain", "{170FB484-80EB-4EA2-9FA8-554C949D6D27}"
EndProject
Project("{FAE04EC0-301F-11D3-BF4B-00C04F79EFBC}") = "Customer.Data", "Customer.Data\Customer.Data.csproj", "{C2EF00E1-BB4B-4997-A371-1E690F5486B4}"
EndProject
Project("{FAE04EC0-301F-11D3-BF4B-00C04F79EFBC}") = "Customer.API", "Customer.API\Customer.API.csproj", "{11B4C62A-D5B4-4844-A8FF-5F637037EB0F}"
EndProject
Project("{FAE04EC0-301F-11D3-BF4B-00C04F79EFBC}") = "Customer.APP", "Customer.APP\Customer.APP.csproj", "{B65349D7-7E44-464C-AB8D-789A934F51D5}"
EndProject
Project("{FAE04EC0-301F-11D3-BF4B-00C04F79EFBC}") = "Customer.Domain", "Customer.Domain\Customer.Domain.csproj", "{8C57F1FC-557F-411C-89BC-990FA409C8BC}"
EndProject
Global
	GlobalSection(SolutionConfigurationPlatforms) = preSolution
		Debug|Any CPU = Debug|Any CPU
		Release|Any CPU = Release|Any CPU
	EndGlobalSection
	GlobalSection(ProjectConfigurationPlatforms) = postSolution
		{9DF751BD-6E43-43F6-8CD4-8F0FC91EF3B5}.Debug|Any CPU.ActiveCfg = Debug|Any CPU
		{9DF751BD-6E43-43F6-8CD4-8F0FC91EF3B5}.Debug|Any CPU.Build.0 = Debug|Any CPU
		{9DF751BD-6E43-43F6-8CD4-8F0FC91EF3B5}.Release|Any CPU.ActiveCfg = Release|Any CPU
		{9DF751BD-6E43-43F6-8CD4-8F0FC91EF3B5}.Release|Any CPU.Build.0 = Release|Any CPU
		{A5590FA2-43FC-466A-BF5C-FCDCD8F1ED4B}.Debug|Any CPU.ActiveCfg = Debug|Any CPU
		{A5590FA2-43FC-466A-BF5C-FCDCD8F1ED4B}.Debug|Any CPU.Build.0 = Debug|Any CPU
		{A5590FA2-43FC-466A-BF5C-FCDCD8F1ED4B}.Release|Any CPU.ActiveCfg = Release|Any CPU
		{A5590FA2-43FC-466A-BF5C-FCDCD8F1ED4B}.Release|Any CPU.Build.0 = Release|Any CPU
		{7F09F504-1D0A-480F-8282-9981D4E31F57}.Debug|Any CPU.ActiveCfg = Debug|Any CPU
		{7F09F504-1D0A-480F-8282-9981D4E31F57}.Debug|Any CPU.Build.0 = Debug|Any CPU
		{7F09F504-1D0A-480F-8282-9981D4E31F57}.Release|Any CPU.ActiveCfg = Release|Any CPU
		{7F09F504-1D0A-480F-8282-9981D4E31F57}.Release|Any CPU.Build.0 = Release|Any CPU
		{C4B3D4A9-B63E-4F8E-AB3B-C951F758B9F0}.Debug|Any CPU.ActiveCfg = Debug|Any CPU
		{C4B3D4A9-B63E-4F8E-AB3B-C951F758B9F0}.Debug|Any CPU.Build.0 = Debug|Any CPU
		{C4B3D4A9-B63E-4F8E-AB3B-C951F758B9F0}.Release|Any CPU.ActiveCfg = Release|Any CPU
		{C4B3D4A9-B63E-4F8E-AB3B-C951F758B9F0}.Release|Any CPU.Build.0 = Release|Any CPU
		{0F580E57-82E8-4D2F-9856-9FEE385B5A5E}.Debug|Any CPU.ActiveCfg = Debug|Any CPU
		{0F580E57-82E8-4D2F-9856-9FEE385B5A5E}.Debug|Any CPU.Build.0 = Debug|Any CPU
		{0F580E57-82E8-4D2F-9856-9FEE385B5A5E}.Release|Any CPU.ActiveCfg = Release|Any CPU
		{0F580E57-82E8-4D2F-9856-9FEE385B5A5E}.Release|Any CPU.Build.0 = Release|Any CPU
		{0C3FB7E3-57B9-4ADC-A4EA-593E3E9D96BD}.Debug|Any CPU.ActiveCfg = Debug|Any CPU
		{0C3FB7E3-57B9-4ADC-A4EA-593E3E9D96BD}.Debug|Any CPU.Build.0 = Debug|Any CPU
		{0C3FB7E3-57B9-4ADC-A4EA-593E3E9D96BD}.Release|Any CPU.ActiveCfg = Release|Any CPU
		{0C3FB7E3-57B9-4ADC-A4EA-593E3E9D96BD}.Release|Any CPU.Build.0 = Release|Any CPU
		{D49280D8-0BAA-457C-80DC-3D22801256EC}.Debug|Any CPU.ActiveCfg = Debug|Any CPU
		{D49280D8-0BAA-457C-80DC-3D22801256EC}.Debug|Any CPU.Build.0 = Debug|Any CPU
		{D49280D8-0BAA-457C-80DC-3D22801256EC}.Release|Any CPU.ActiveCfg = Release|Any CPU
		{D49280D8-0BAA-457C-80DC-3D22801256EC}.Release|Any CPU.Build.0 = Release|Any CPU
		{C2EF00E1-BB4B-4997-A371-1E690F5486B4}.Debug|Any CPU.ActiveCfg = Debug|Any CPU
		{C2EF00E1-BB4B-4997-A371-1E690F5486B4}.Debug|Any CPU.Build.0 = Debug|Any CPU
		{C2EF00E1-BB4B-4997-A371-1E690F5486B4}.Release|Any CPU.ActiveCfg = Release|Any CPU
		{C2EF00E1-BB4B-4997-A371-1E690F5486B4}.Release|Any CPU.Build.0 = Release|Any CPU
		{11B4C62A-D5B4-4844-A8FF-5F637037EB0F}.Debug|Any CPU.ActiveCfg = Debug|Any CPU
		{11B4C62A-D5B4-4844-A8FF-5F637037EB0F}.Debug|Any CPU.Build.0 = Debug|Any CPU
		{11B4C62A-D5B4-4844-A8FF-5F637037EB0F}.Release|Any CPU.ActiveCfg = Release|Any CPU
		{11B4C62A-D5B4-4844-A8FF-5F637037EB0F}.Release|Any CPU.Build.0 = Release|Any CPU
		{B65349D7-7E44-464C-AB8D-789A934F51D5}.Debug|Any CPU.ActiveCfg = Debug|Any CPU
		{B65349D7-7E44-464C-AB8D-789A934F51D5}.Debug|Any CPU.Build.0 = Debug|Any CPU
		{B65349D7-7E44-464C-AB8D-789A934F51D5}.Release|Any CPU.ActiveCfg = Release|Any CPU
		{B65349D7-7E44-464C-AB8D-789A934F51D5}.Release|Any CPU.Build.0 = Release|Any CPU
		{8C57F1FC-557F-411C-89BC-990FA409C8BC}.Debug|Any CPU.ActiveCfg = Debug|Any CPU
		{8C57F1FC-557F-411C-89BC-990FA409C8BC}.Debug|Any CPU.Build.0 = Debug|Any CPU
		{8C57F1FC-557F-411C-89BC-990FA409C8BC}.Release|Any CPU.ActiveCfg = Release|Any CPU
		{8C57F1FC-557F-411C-89BC-990FA409C8BC}.Release|Any CPU.Build.0 = Release|Any CPU
	EndGlobalSection
	GlobalSection(SolutionProperties) = preSolution
		HideSolutionNode = FALSE
	EndGlobalSection
	GlobalSection(NestedProjects) = preSolution
		{9DF751BD-6E43-43F6-8CD4-8F0FC91EF3B5} = {AFBC758E-3E3E-4551-852F-E5FB39820F31}
		{A5590FA2-43FC-466A-BF5C-FCDCD8F1ED4B} = {F2E56181-AD47-4D03-B5A1-26D24B35FE0B}
		{7F09F504-1D0A-480F-8282-9981D4E31F57} = {888C17A1-2E6A-4F1B-B57B-0BE09734D69F}
		{7A5879E2-2940-4F3B-99D1-BFB7822E945F} = {BA988D96-B895-4E73-8E35-69554F25378B}
		{5FBFC224-A91D-48E0-9DD4-7C4BE1A9D1F8} = {BA988D96-B895-4E73-8E35-69554F25378B}
		{351C8F4D-95B1-4C09-BD15-32D751D883CF} = {BA988D96-B895-4E73-8E35-69554F25378B}
		{FA418B32-A02A-4BD7-B986-55A162C1DF39} = {BA988D96-B895-4E73-8E35-69554F25378B}
		{C4B3D4A9-B63E-4F8E-AB3B-C951F758B9F0} = {7A5879E2-2940-4F3B-99D1-BFB7822E945F}
		{0F580E57-82E8-4D2F-9856-9FEE385B5A5E} = {351C8F4D-95B1-4C09-BD15-32D751D883CF}
		{BA988D96-B895-4E73-8E35-69554F25378B} = {91ED2DE3-3537-4482-9266-6A65479568F9}
		{0C3FB7E3-57B9-4ADC-A4EA-593E3E9D96BD} = {FA418B32-A02A-4BD7-B986-55A162C1DF39}
		{D49280D8-0BAA-457C-80DC-3D22801256EC} = {5FBFC224-A91D-48E0-9DD4-7C4BE1A9D1F8}
		{CF9435FD-E624-4B4E-888B-976DAF5A626B} = {91ED2DE3-3537-4482-9266-6A65479568F9}
		{38CDC912-0750-40C0-AA2D-2AAE7919C2E0} = {CF9435FD-E624-4B4E-888B-976DAF5A626B}
		{C09ACAA6-CDD6-4C40-B71D-2FD142887EA2} = {CF9435FD-E624-4B4E-888B-976DAF5A626B}
		{D596AE5F-6B80-4B99-A66D-EB330183A682} = {CF9435FD-E624-4B4E-888B-976DAF5A626B}
		{170FB484-80EB-4EA2-9FA8-554C949D6D27} = {CF9435FD-E624-4B4E-888B-976DAF5A626B}
		{C2EF00E1-BB4B-4997-A371-1E690F5486B4} = {C09ACAA6-CDD6-4C40-B71D-2FD142887EA2}
		{11B4C62A-D5B4-4844-A8FF-5F637037EB0F} = {38CDC912-0750-40C0-AA2D-2AAE7919C2E0}
		{B65349D7-7E44-464C-AB8D-789A934F51D5} = {D596AE5F-6B80-4B99-A66D-EB330183A682}
		{8C57F1FC-557F-411C-89BC-990FA409C8BC} = {170FB484-80EB-4EA2-9FA8-554C949D6D27}
	EndGlobalSection
	GlobalSection(ExtensibilityGlobals) = postSolution
		SolutionGuid = {1D2F34BF-E624-4E0B-BA6B-85AADE6FDD4B}
	EndGlobalSection
EndGlobal
