
Microsoft Visual Studio Solution File, Format Version 12.00
# Visual Studio Version 16
VisualStudioVersion = 16.0.30804.86
MinimumVisualStudioVersion = 10.0.40219.1
Project("{2150E333-8FDC-42A3-9474-1A3956D46DE8}") = "Microservices", "Microservices", "{91ED2DE3-3537-4482-9266-6A65479568F9}"
EndProject
Project("{2150E333-8FDC-42A3-9474-1A3956D46DE8}") = "Domain", "Domain", "{AFBC758E-3E3E-4551-852F-E5FB39820F31}"
EndProject
Project("{2150E333-8FDC-42A3-9474-1A3956D46DE8}") = "Infra.Buss", "Infra.Buss", "{F2E56181-AD47-4D03-B5A1-26D24B35FE0B}"
EndProject
Project("{2150E333-8FDC-42A3-9474-1A3956D46DE8}") = "Infa.IoC", "Infa.IoC", "{888C17A1-2E6A-4F1B-B57B-0BE09734D69F}"
EndProject
Project("{2150E333-8FDC-42A3-9474-1A3956D46DE8}") = "Presentation", "Presentation", "{5270131F-E14E-48ED-8C13-1F8B89D74DF5}"
EndProject
Project("{FAE04EC0-301F-11D3-BF4B-00C04F79EFBC}") = "MicroRabbit.Domain.Core", "MicroRabot.Domain.Core\MicroRabbit.Domain.Core.csproj", "{9DF751BD-6E43-43F6-8CD4-8F0FC91EF3B5}"
EndProject
Project("{FAE04EC0-301F-11D3-BF4B-00C04F79EFBC}") = "MicroRabbit.Infra.Buss", "MicroRabbit.Infra.Buss\MicroRabbit.Infra.Buss.csproj", "{A5590FA2-43FC-466A-BF5C-FCDCD8F1ED4B}"
EndProject
Project("{FAE04EC0-301F-11D3-BF4B-00C04F79EFBC}") = "MicroRabbit.Infra.IoC", "MicroRabbit.Infra.IoC\MicroRabbit.Infra.IoC.csproj", "{7F09F504-1D0A-480F-8282-9981D4E31F57}"
EndProject
Project("{2150E333-8FDC-42A3-9474-1A3956D46DE8}") = "Microservices.Admin.API", "Microservices.Admin.API", "{7A5879E2-2940-4F3B-99D1-BFB7822E945F}"
EndProject
Project("{2150E333-8FDC-42A3-9474-1A3956D46DE8}") = "Microservices.Admin.APP", "Microservices.Admin.APP", "{5FBFC224-A91D-48E0-9DD4-7C4BE1A9D1F8}"
EndProject
Project("{2150E333-8FDC-42A3-9474-1A3956D46DE8}") = "Microservices.Admin.data", "Microservices.Admin.data", "{351C8F4D-95B1-4C09-BD15-32D751D883CF}"
EndProject
Project("{2150E333-8FDC-42A3-9474-1A3956D46DE8}") = "Microservices.Admin.Domain", "Microservices.Admin.Domain", "{FA418B32-A02A-4BD7-B986-55A162C1DF39}"
EndProject
Project("{FAE04EC0-301F-11D3-BF4B-00C04F79EFBC}") = "Microservices.Admin", "MicroRabbit.Microservices.AdminAPI\Microservices.Admin.csproj", "{C4B3D4A9-B63E-4F8E-AB3B-C951F758B9F0}"
EndProject
Project("{FAE04EC0-301F-11D3-BF4B-00C04F79EFBC}") = "Microservices.Admin.Data", "MicroRabbot.Microservices.Admin.Data\Microservices.Admin.Data.csproj", "{0F580E57-82E8-4D2F-9856-9FEE385B5A5E}"
EndProject
Project("{2150E333-8FDC-42A3-9474-1A3956D46DE8}") = "Microservices.Admin", "Microservices.Admin", "{BA988D96-B895-4E73-8E35-69554F25378B}"
EndProject
Project("{FAE04EC0-301F-11D3-BF4B-00C04F79EFBC}") = "Microservices.Admin.Domain", "MicroRabbit.Microservices.Admin.Domain\Microservices.Admin.Domain.csproj", "{0C3FB7E3-57B9-4ADC-A4EA-593E3E9D96BD}"
EndProject
Project("{FAE04EC0-301F-11D3-BF4B-00C04F79EFBC}") = "Microservices.Admin.Application", "MicroRabbit.Microservices.Admin.Application\Microservices.Admin.Application.csproj", "{D49280D8-0BAA-457C-80DC-3D22801256EC}"
EndProject
Global
	GlobalSection(SolutionConfigurationPlatforms) = preSolution
		Debug|Any CPU = Debug|Any CPU
		Release|Any CPU = Release|Any CPU
	EndGlobalSection
	GlobalSection(ProjectConfigurationPlatforms) = postSolution
		{9DF751BD-6E43-43F6-8CD4-8F0FC91EF3B5}.Debug|Any CPU.ActiveCfg = Debug|Any CPU
		{9DF751BD-6E43-43F6-8CD4-8F0FC91EF3B5}.Debug|Any CPU.Build.0 = Debug|Any CPU
		{9DF751BD-6E43-43F6-8CD4-8F0FC91EF3B5}.Release|Any CPU.ActiveCfg = Release|Any CPU
		{9DF751BD-6E43-43F6-8CD4-8F0FC91EF3B5}.Release|Any CPU.Build.0 = Release|Any CPU
		{A5590FA2-43FC-466A-BF5C-FCDCD8F1ED4B}.Debug|Any CPU.ActiveCfg = Debug|Any CPU
		{A5590FA2-43FC-466A-BF5C-FCDCD8F1ED4B}.Debug|Any CPU.Build.0 = Debug|Any CPU
		{A5590FA2-43FC-466A-BF5C-FCDCD8F1ED4B}.Release|Any CPU.ActiveCfg = Release|Any CPU
		{A5590FA2-43FC-466A-BF5C-FCDCD8F1ED4B}.Release|Any CPU.Build.0 = Release|Any CPU
		{7F09F504-1D0A-480F-8282-9981D4E31F57}.Debug|Any CPU.ActiveCfg = Debug|Any CPU
		{7F09F504-1D0A-480F-8282-9981D4E31F57}.Debug|Any CPU.Build.0 = Debug|Any CPU
		{7F09F504-1D0A-480F-8282-9981D4E31F57}.Release|Any CPU.ActiveCfg = Release|Any CPU
		{7F09F504-1D0A-480F-8282-9981D4E31F57}.Release|Any CPU.Build.0 = Release|Any CPU
		{C4B3D4A9-B63E-4F8E-AB3B-C951F758B9F0}.Debug|Any CPU.ActiveCfg = Debug|Any CPU
		{C4B3D4A9-B63E-4F8E-AB3B-C951F758B9F0}.Debug|Any CPU.Build.0 = Debug|Any CPU
		{C4B3D4A9-B63E-4F8E-AB3B-C951F758B9F0}.Release|Any CPU.ActiveCfg = Release|Any CPU
		{C4B3D4A9-B63E-4F8E-AB3B-C951F758B9F0}.Release|Any CPU.Build.0 = Release|Any CPU
		{0F580E57-82E8-4D2F-9856-9FEE385B5A5E}.Debug|Any CPU.ActiveCfg = Debug|Any CPU
		{0F580E57-82E8-4D2F-9856-9FEE385B5A5E}.Debug|Any CPU.Build.0 = Debug|Any CPU
		{0F580E57-82E8-4D2F-9856-9FEE385B5A5E}.Release|Any CPU.ActiveCfg = Release|Any CPU
		{0F580E57-82E8-4D2F-9856-9FEE385B5A5E}.Release|Any CPU.Build.0 = Release|Any CPU
		{0C3FB7E3-57B9-4ADC-A4EA-593E3E9D96BD}.Debug|Any CPU.ActiveCfg = Debug|Any CPU
		{0C3FB7E3-57B9-4ADC-A4EA-593E3E9D96BD}.Debug|Any CPU.Build.0 = Debug|Any CPU
		{0C3FB7E3-57B9-4ADC-A4EA-593E3E9D96BD}.Release|Any CPU.ActiveCfg = Release|Any CPU
		{0C3FB7E3-57B9-4ADC-A4EA-593E3E9D96BD}.Release|Any CPU.Build.0 = Release|Any CPU
		{D49280D8-0BAA-457C-80DC-3D22801256EC}.Debug|Any CPU.ActiveCfg = Debug|Any CPU
		{D49280D8-0BAA-457C-80DC-3D22801256EC}.Debug|Any CPU.Build.0 = Debug|Any CPU
		{D49280D8-0BAA-457C-80DC-3D22801256EC}.Release|Any CPU.ActiveCfg = Release|Any CPU
		{D49280D8-0BAA-457C-80DC-3D22801256EC}.Release|Any CPU.Build.0 = Release|Any CPU
	EndGlobalSection
	GlobalSection(SolutionProperties) = preSolution
		HideSolutionNode = FALSE
	EndGlobalSection
	GlobalSection(NestedProjects) = preSolution
		{9DF751BD-6E43-43F6-8CD4-8F0FC91EF3B5} = {AFBC758E-3E3E-4551-852F-E5FB39820F31}
		{A5590FA2-43FC-466A-BF5C-FCDCD8F1ED4B} = {F2E56181-AD47-4D03-B5A1-26D24B35FE0B}
		{7F09F504-1D0A-480F-8282-9981D4E31F57} = {888C17A1-2E6A-4F1B-B57B-0BE09734D69F}
		{7A5879E2-2940-4F3B-99D1-BFB7822E945F} = {BA988D96-B895-4E73-8E35-69554F25378B}
		{5FBFC224-A91D-48E0-9DD4-7C4BE1A9D1F8} = {BA988D96-B895-4E73-8E35-69554F25378B}
		{351C8F4D-95B1-4C09-BD15-32D751D883CF} = {BA988D96-B895-4E73-8E35-69554F25378B}
		{FA418B32-A02A-4BD7-B986-55A162C1DF39} = {BA988D96-B895-4E73-8E35-69554F25378B}
		{C4B3D4A9-B63E-4F8E-AB3B-C951F758B9F0} = {7A5879E2-2940-4F3B-99D1-BFB7822E945F}
		{0F580E57-82E8-4D2F-9856-9FEE385B5A5E} = {351C8F4D-95B1-4C09-BD15-32D751D883CF}
		{BA988D96-B895-4E73-8E35-69554F25378B} = {91ED2DE3-3537-4482-9266-6A65479568F9}
		{0C3FB7E3-57B9-4ADC-A4EA-593E3E9D96BD} = {FA418B32-A02A-4BD7-B986-55A162C1DF39}
		{D49280D8-0BAA-457C-80DC-3D22801256EC} = {5FBFC224-A91D-48E0-9DD4-7C4BE1A9D1F8}
	EndGlobalSection
	GlobalSection(ExtensibilityGlobals) = postSolution
		SolutionGuid = {1D2F34BF-E624-4E0B-BA6B-85AADE6FDD4B}
	EndGlobalSection
EndGlobal
